{
  "name": "assets",
  "lockfileVersion": 2,
  "requires": true,
  "packages": {
    "": {
      "dependencies": {
        "@codemirror/lang-cpp": "github:codemirror/lang-cpp",
        "codemirror": "^6.0.1",
        "flowbite": "^1.7.0"
      }
    },
    "node_modules/@codemirror/autocomplete": {
      "version": "6.9.1",
      "resolved": "https://registry.npmjs.org/@codemirror/autocomplete/-/autocomplete-6.9.1.tgz",
      "integrity": "sha512-yma56tqD7khIZK4gy4X5lX3/k5ArMiCGat7HEWRF/8L2kqOjVdp2qKZqpcJjwTIjSj6fqKAHqi7IjtH3QFE+Bw==",
      "dependencies": {
        "@codemirror/language": "^6.0.0",
        "@codemirror/state": "^6.0.0",
        "@codemirror/view": "^6.17.0",
        "@lezer/common": "^1.0.0"
      },
      "peerDependencies": {
        "@codemirror/language": "^6.0.0",
        "@codemirror/state": "^6.0.0",
        "@codemirror/view": "^6.0.0",
        "@lezer/common": "^1.0.0"
      }
    },
    "node_modules/@codemirror/commands": {
      "version": "6.2.5",
      "resolved": "https://registry.npmjs.org/@codemirror/commands/-/commands-6.2.5.tgz",
      "integrity": "sha512-dSi7ow2P2YgPBZflR9AJoaTHvqmeGIgkhignYMd5zK5y6DANTvxKxp6eMEpIDUJkRAaOY/TFZ4jP1ADIO/GLVA==",
      "dependencies": {
        "@codemirror/language": "^6.0.0",
        "@codemirror/state": "^6.2.0",
        "@codemirror/view": "^6.0.0",
        "@lezer/common": "^1.0.0"
      }
    },
    "node_modules/@codemirror/lang-cpp": {
      "version": "6.0.2",
      "resolved": "git+ssh://git@github.com/codemirror/lang-cpp.git#90d1d7fe20608ce763c9975fd5d52bcc34e13364",
      "license": "MIT",
      "dependencies": {
        "@codemirror/language": "^6.0.0",
        "@lezer/cpp": "^1.0.0"
      }
    },
    "node_modules/@codemirror/language": {
      "version": "6.9.0",
      "resolved": "https://registry.npmjs.org/@codemirror/language/-/language-6.9.0.tgz",
      "integrity": "sha512-nFu311/0ne/qGuGCL3oKuktBgzVOaxCHZPZv1tLSZkNjPYxxvkjSbzno3MlErG2tgw1Yw1yF8BxMCegeMXqpiw==",
      "dependencies": {
        "@codemirror/state": "^6.0.0",
        "@codemirror/view": "^6.0.0",
        "@lezer/common": "^1.0.0",
        "@lezer/highlight": "^1.0.0",
        "@lezer/lr": "^1.0.0",
        "style-mod": "^4.0.0"
      }
    },
    "node_modules/@codemirror/lint": {
      "version": "6.4.2",
      "resolved": "https://registry.npmjs.org/@codemirror/lint/-/lint-6.4.2.tgz",
      "integrity": "sha512-wzRkluWb1ptPKdzlsrbwwjYCPLgzU6N88YBAmlZi8WFyuiEduSd05MnJYNogzyc8rPK7pj6m95ptUApc8sHKVA==",
      "dependencies": {
        "@codemirror/state": "^6.0.0",
        "@codemirror/view": "^6.0.0",
        "crelt": "^1.0.5"
      }
    },
    "node_modules/@codemirror/search": {
      "version": "6.5.3",
      "resolved": "https://registry.npmjs.org/@codemirror/search/-/search-6.5.3.tgz",
      "integrity": "sha512-M1nGnpUTlOqp0Ywn6V30T8eFcuNFIDfx4+0ja5Wag+qQpL/HZgsIZ7FpE6qZatPziakgj+UXyZTrTUditrkwIQ==",
      "dependencies": {
        "@codemirror/state": "^6.0.0",
        "@codemirror/view": "^6.0.0",
        "crelt": "^1.0.5"
      }
    },
    "node_modules/@codemirror/state": {
      "version": "6.2.1",
      "resolved": "https://registry.npmjs.org/@codemirror/state/-/state-6.2.1.tgz",
      "integrity": "sha512-RupHSZ8+OjNT38zU9fKH2sv+Dnlr8Eb8sl4NOnnqz95mCFTZUaiRP8Xv5MeeaG0px2b8Bnfe7YGwCV3nsBhbuw=="
    },
    "node_modules/@codemirror/view": {
      "version": "6.19.0",
      "resolved": "https://registry.npmjs.org/@codemirror/view/-/view-6.19.0.tgz",
      "integrity": "sha512-XqNIfW/3GaaF+T7Q1jBcRLCPm1NbrR2DBxrXacSt1FG+rNsdsNn3/azAfgpUoJ7yy4xgd8xTPa3AlL+y0lMizQ==",
      "dependencies": {
        "@codemirror/state": "^6.1.4",
        "style-mod": "^4.1.0",
        "w3c-keyname": "^2.2.4"
      }
    },
    "node_modules/@lezer/common": {
      "version": "1.0.4",
      "resolved": "https://registry.npmjs.org/@lezer/common/-/common-1.0.4.tgz",
      "integrity": "sha512-lZHlk8p67x4aIDtJl6UQrXSOP6oi7dQR3W/geFVrENdA1JDaAJWldnVqVjPMJupbTKbzDfFcePfKttqVidS/dg=="
    },
    "node_modules/@lezer/cpp": {
      "version": "1.1.1",
      "resolved": "https://registry.npmjs.org/@lezer/cpp/-/cpp-1.1.1.tgz",
      "integrity": "sha512-eS1M3L3U2mDowoFVPG7tEp01SWu9/68Nx3HEBgLJVn3N9ku7g5S7WdFv0jzmcTipAyONYfZJ+7x4WRkfdB2Ung==",
      "dependencies": {
        "@lezer/highlight": "^1.0.0",
        "@lezer/lr": "^1.0.0"
      }
    },
    "node_modules/@lezer/highlight": {
      "version": "1.1.6",
      "resolved": "https://registry.npmjs.org/@lezer/highlight/-/highlight-1.1.6.tgz",
      "integrity": "sha512-cmSJYa2us+r3SePpRCjN5ymCqCPv+zyXmDl0ciWtVaNiORT/MxM7ZgOMQZADD0o51qOaOg24qc/zBViOIwAjJg==",
      "dependencies": {
        "@lezer/common": "^1.0.0"
      }
    },
    "node_modules/@lezer/lr": {
      "version": "1.3.10",
      "resolved": "https://registry.npmjs.org/@lezer/lr/-/lr-1.3.10.tgz",
      "integrity": "sha512-BZfVvf7Re5BIwJHlZXbJn9L8lus5EonxQghyn+ih8Wl36XMFBPTXC0KM0IdUtj9w/diPHsKlXVgL+AlX2jYJ0Q==",
      "dependencies": {
        "@lezer/common": "^1.0.0"
      }
    },
    "node_modules/@popperjs/core": {
      "version": "2.11.8",
      "resolved": "https://registry.npmjs.org/@popperjs/core/-/core-2.11.8.tgz",
      "integrity": "sha512-P1st0aksCrn9sGZhp8GMYwBnQsbvAWsZAX44oXNNvLHGqAOcoVxmjZiohstwQ7SqKnbR47akdNi+uleWD8+g6A==",
      "funding": {
        "type": "opencollective",
        "url": "https://opencollective.com/popperjs"
      }
    },
    "node_modules/codemirror": {
      "version": "6.0.1",
      "resolved": "https://registry.npmjs.org/codemirror/-/codemirror-6.0.1.tgz",
      "integrity": "sha512-J8j+nZ+CdWmIeFIGXEFbFPtpiYacFMDR8GlHK3IyHQJMCaVRfGx9NT+Hxivv1ckLWPvNdZqndbr/7lVhrf/Svg==",
      "dependencies": {
        "@codemirror/autocomplete": "^6.0.0",
        "@codemirror/commands": "^6.0.0",
        "@codemirror/language": "^6.0.0",
        "@codemirror/lint": "^6.0.0",
        "@codemirror/search": "^6.0.0",
        "@codemirror/state": "^6.0.0",
        "@codemirror/view": "^6.0.0"
      }
    },
    "node_modules/crelt": {
      "version": "1.0.6",
      "resolved": "https://registry.npmjs.org/crelt/-/crelt-1.0.6.tgz",
      "integrity": "sha512-VQ2MBenTq1fWZUH9DJNGti7kKv6EeAuYr3cLwxUWhIu1baTaXh4Ib5W2CqHVqib4/MqbYGJqiL3Zb8GJZr3l4g=="
    },
    "node_modules/flowbite": {
      "version": "1.7.0",
      "resolved": "https://registry.npmjs.org/flowbite/-/flowbite-1.7.0.tgz",
      "integrity": "sha512-OTTmnhRgv85Rs+mcMaVU7zB6EvRQs7BaQziyMUsZLRjW9aUpeQyqKjLmxsVMMCdr8isYPCLd6UL7X1IaSVI0WQ==",
      "dependencies": {
        "@popperjs/core": "^2.9.3",
        "mini-svg-data-uri": "^1.4.3"
      }
    },
    "node_modules/mini-svg-data-uri": {
      "version": "1.4.4",
      "resolved": "https://registry.npmjs.org/mini-svg-data-uri/-/mini-svg-data-uri-1.4.4.tgz",
      "integrity": "sha512-r9deDe9p5FJUPZAk3A59wGH7Ii9YrjjWw0jmw/liSbHl2CHiyXj6FcDXDu2K3TjVAXqiJdaw3xxwlZZr9E6nHg==",
      "bin": {
        "mini-svg-data-uri": "cli.js"
      }
    },
    "node_modules/style-mod": {
      "version": "4.1.0",
      "resolved": "https://registry.npmjs.org/style-mod/-/style-mod-4.1.0.tgz",
      "integrity": "sha512-Ca5ib8HrFn+f+0n4N4ScTIA9iTOQ7MaGS1ylHcoVqW9J7w2w8PzN6g9gKmTYgGEBH8e120+RCmhpje6jC5uGWA=="
    },
    "node_modules/w3c-keyname": {
      "version": "2.2.8",
      "resolved": "https://registry.npmjs.org/w3c-keyname/-/w3c-keyname-2.2.8.tgz",
      "integrity": "sha512-dpojBhNsCNN7T82Tm7k26A6G9ML3NkhDsnw9n/eoxSRlVBB4CEtIQ/KTCLI2Fwf3ataSXRhYFkQi3SlnFwPvPQ=="
    }
  },
  "dependencies": {
    "@codemirror/autocomplete": {
      "version": "6.9.1",
      "resolved": "https://registry.npmjs.org/@codemirror/autocomplete/-/autocomplete-6.9.1.tgz",
      "integrity": "sha512-yma56tqD7khIZK4gy4X5lX3/k5ArMiCGat7HEWRF/8L2kqOjVdp2qKZqpcJjwTIjSj6fqKAHqi7IjtH3QFE+Bw==",
      "requires": {
        "@codemirror/language": "^6.0.0",
        "@codemirror/state": "^6.0.0",
        "@codemirror/view": "^6.17.0",
        "@lezer/common": "^1.0.0"
      }
    },
    "@codemirror/commands": {
      "version": "6.2.5",
      "resolved": "https://registry.npmjs.org/@codemirror/commands/-/commands-6.2.5.tgz",
      "integrity": "sha512-dSi7ow2P2YgPBZflR9AJoaTHvqmeGIgkhignYMd5zK5y6DANTvxKxp6eMEpIDUJkRAaOY/TFZ4jP1ADIO/GLVA==",
      "requires": {
        "@codemirror/language": "^6.0.0",
        "@codemirror/state": "^6.2.0",
        "@codemirror/view": "^6.0.0",
        "@lezer/common": "^1.0.0"
      }
    },
    "@codemirror/lang-cpp": {
      "version": "git+ssh://git@github.com/codemirror/lang-cpp.git#90d1d7fe20608ce763c9975fd5d52bcc34e13364",
      "from": "@codemirror/lang-cpp@codemirror/lang-cpp",
      "requires": {
        "@codemirror/language": "^6.0.0",
        "@lezer/cpp": "^1.0.0"
      }
    },
    "@codemirror/language": {
      "version": "6.9.0",
      "resolved": "https://registry.npmjs.org/@codemirror/language/-/language-6.9.0.tgz",
      "integrity": "sha512-nFu311/0ne/qGuGCL3oKuktBgzVOaxCHZPZv1tLSZkNjPYxxvkjSbzno3MlErG2tgw1Yw1yF8BxMCegeMXqpiw==",
      "requires": {
        "@codemirror/state": "^6.0.0",
        "@codemirror/view": "^6.0.0",
        "@lezer/common": "^1.0.0",
        "@lezer/highlight": "^1.0.0",
        "@lezer/lr": "^1.0.0",
        "style-mod": "^4.0.0"
      }
    },
    "@codemirror/lint": {
      "version": "6.4.2",
      "resolved": "https://registry.npmjs.org/@codemirror/lint/-/lint-6.4.2.tgz",
      "integrity": "sha512-wzRkluWb1ptPKdzlsrbwwjYCPLgzU6N88YBAmlZi8WFyuiEduSd05MnJYNogzyc8rPK7pj6m95ptUApc8sHKVA==",
      "requires": {
        "@codemirror/state": "^6.0.0",
        "@codemirror/view": "^6.0.0",
        "crelt": "^1.0.5"
      }
    },
    "@codemirror/search": {
      "version": "6.5.3",
      "resolved": "https://registry.npmjs.org/@codemirror/search/-/search-6.5.3.tgz",
      "integrity": "sha512-M1nGnpUTlOqp0Ywn6V30T8eFcuNFIDfx4+0ja5Wag+qQpL/HZgsIZ7FpE6qZatPziakgj+UXyZTrTUditrkwIQ==",
      "requires": {
        "@codemirror/state": "^6.0.0",
        "@codemirror/view": "^6.0.0",
        "crelt": "^1.0.5"
      }
    },
    "@codemirror/state": {
      "version": "6.2.1",
      "resolved": "https://registry.npmjs.org/@codemirror/state/-/state-6.2.1.tgz",
      "integrity": "sha512-RupHSZ8+OjNT38zU9fKH2sv+Dnlr8Eb8sl4NOnnqz95mCFTZUaiRP8Xv5MeeaG0px2b8Bnfe7YGwCV3nsBhbuw=="
    },
    "@codemirror/view": {
      "version": "6.19.0",
      "resolved": "https://registry.npmjs.org/@codemirror/view/-/view-6.19.0.tgz",
      "integrity": "sha512-XqNIfW/3GaaF+T7Q1jBcRLCPm1NbrR2DBxrXacSt1FG+rNsdsNn3/azAfgpUoJ7yy4xgd8xTPa3AlL+y0lMizQ==",
      "requires": {
        "@codemirror/state": "^6.1.4",
        "style-mod": "^4.1.0",
        "w3c-keyname": "^2.2.4"
      }
    },
    "@lezer/common": {
      "version": "1.0.4",
      "resolved": "https://registry.npmjs.org/@lezer/common/-/common-1.0.4.tgz",
      "integrity": "sha512-lZHlk8p67x4aIDtJl6UQrXSOP6oi7dQR3W/geFVrENdA1JDaAJWldnVqVjPMJupbTKbzDfFcePfKttqVidS/dg=="
    },
    "@lezer/cpp": {
      "version": "1.1.1",
      "resolved": "https://registry.npmjs.org/@lezer/cpp/-/cpp-1.1.1.tgz",
      "integrity": "sha512-eS1M3L3U2mDowoFVPG7tEp01SWu9/68Nx3HEBgLJVn3N9ku7g5S7WdFv0jzmcTipAyONYfZJ+7x4WRkfdB2Ung==",
      "requires": {
        "@lezer/highlight": "^1.0.0",
        "@lezer/lr": "^1.0.0"
      }
    },
    "@lezer/highlight": {
      "version": "1.1.6",
      "resolved": "https://registry.npmjs.org/@lezer/highlight/-/highlight-1.1.6.tgz",
      "integrity": "sha512-cmSJYa2us+r3SePpRCjN5ymCqCPv+zyXmDl0ciWtVaNiORT/MxM7ZgOMQZADD0o51qOaOg24qc/zBViOIwAjJg==",
      "requires": {
        "@lezer/common": "^1.0.0"
      }
    },
    "@lezer/lr": {
      "version": "1.3.10",
      "resolved": "https://registry.npmjs.org/@lezer/lr/-/lr-1.3.10.tgz",
      "integrity": "sha512-BZfVvf7Re5BIwJHlZXbJn9L8lus5EonxQghyn+ih8Wl36XMFBPTXC0KM0IdUtj9w/diPHsKlXVgL+AlX2jYJ0Q==",
      "requires": {
        "@lezer/common": "^1.0.0"
      }
    },
    "@popperjs/core": {
      "version": "2.11.8",
      "resolved": "https://registry.npmjs.org/@popperjs/core/-/core-2.11.8.tgz",
      "integrity": "sha512-P1st0aksCrn9sGZhp8GMYwBnQsbvAWsZAX44oXNNvLHGqAOcoVxmjZiohstwQ7SqKnbR47akdNi+uleWD8+g6A=="
    },
    "codemirror": {
      "version": "6.0.1",
      "resolved": "https://registry.npmjs.org/codemirror/-/codemirror-6.0.1.tgz",
      "integrity": "sha512-J8j+nZ+CdWmIeFIGXEFbFPtpiYacFMDR8GlHK3IyHQJMCaVRfGx9NT+Hxivv1ckLWPvNdZqndbr/7lVhrf/Svg==",
      "requires": {
        "@codemirror/autocomplete": "^6.0.0",
        "@codemirror/commands": "^6.0.0",
        "@codemirror/language": "^6.0.0",
        "@codemirror/lint": "^6.0.0",
        "@codemirror/search": "^6.0.0",
        "@codemirror/state": "^6.0.0",
        "@codemirror/view": "^6.0.0"
      }
    },
    "crelt": {
      "version": "1.0.6",
      "resolved": "https://registry.npmjs.org/crelt/-/crelt-1.0.6.tgz",
      "integrity": "sha512-VQ2MBenTq1fWZUH9DJNGti7kKv6EeAuYr3cLwxUWhIu1baTaXh4Ib5W2CqHVqib4/MqbYGJqiL3Zb8GJZr3l4g=="
    },
    "flowbite": {
      "version": "1.7.0",
      "resolved": "https://registry.npmjs.org/flowbite/-/flowbite-1.7.0.tgz",
      "integrity": "sha512-OTTmnhRgv85Rs+mcMaVU7zB6EvRQs7BaQziyMUsZLRjW9aUpeQyqKjLmxsVMMCdr8isYPCLd6UL7X1IaSVI0WQ==",
      "requires": {
        "@popperjs/core": "^2.9.3",
        "mini-svg-data-uri": "^1.4.3"
      }
    },
    "mini-svg-data-uri": {
      "version": "1.4.4",
      "resolved": "https://registry.npmjs.org/mini-svg-data-uri/-/mini-svg-data-uri-1.4.4.tgz",
      "integrity": "sha512-r9deDe9p5FJUPZAk3A59wGH7Ii9YrjjWw0jmw/liSbHl2CHiyXj6FcDXDu2K3TjVAXqiJdaw3xxwlZZr9E6nHg=="
    },
    "style-mod": {
      "version": "4.1.0",
      "resolved": "https://registry.npmjs.org/style-mod/-/style-mod-4.1.0.tgz",
      "integrity": "sha512-Ca5ib8HrFn+f+0n4N4ScTIA9iTOQ7MaGS1ylHcoVqW9J7w2w8PzN6g9gKmTYgGEBH8e120+RCmhpje6jC5uGWA=="
    },
    "w3c-keyname": {
      "version": "2.2.8",
      "resolved": "https://registry.npmjs.org/w3c-keyname/-/w3c-keyname-2.2.8.tgz",
      "integrity": "sha512-dpojBhNsCNN7T82Tm7k26A6G9ML3NkhDsnw9n/eoxSRlVBB4CEtIQ/KTCLI2Fwf3ataSXRhYFkQi3SlnFwPvPQ=="
    }
  }
}
